# THIS IS AN AUTOGENERATED FILE. DO NOT EDIT THIS FILE DIRECTLY.
# yarn lockfile v1


fastify-plugin@^3.0.1:
  version "3.0.1"
  resolved "https://registry.yarnpkg.com/fastify-plugin/-/fastify-plugin-3.0.1.tgz#79e84c29f401020f38b524f59f2402103fd21ed2"
  integrity sha512-qKcDXmuZadJqdTm6vlCqioEbyewF60b/0LOFCcYN1B6BIZGlYJumWWOYs70SFYLDAH4YqdE1cxH/RKMG7rFxgA==

is-function@^1.0.2:
  version "1.0.2"
  resolved "https://registry.yarnpkg.com/is-function/-/is-function-1.0.2.tgz#4f097f30abf6efadac9833b17ca5dc03f8144e08"
  integrity sha512-lw7DUp0aWXYg+CBCN+JKkcE0Q2RayZnSvnZBlwgxHBQhqt5pZNVy4Ri7H9GmmXkdu7LUthszM+Tor1u/2iBcpQ==

isobject@^4.0.0:
  version "4.0.0"
  resolved "https://registry.yarnpkg.com/isobject/-/isobject-4.0.0.tgz#3f1c9155e73b192022a80819bacd0343711697b0"
  integrity sha512-S/2fF5wH8SJA/kmwr6HYhK/RI/OkhD84k8ntalo0iJjZikgq1XFvR5M8NPT1x5F7fBwCG3qHfnzeP/Vh/ZxCUA==
